
Microsoft Visual Studio Solution File, Format Version 12.00
# Visual Studio Version 17
VisualStudioVersion = 17.4.33403.182
MinimumVisualStudioVersion = 10.0.40219.1
Project("{FAE04EC0-301F-11D3-BF4B-00C04F79EFBC}") = "CatalogoAPI", "CatalogoAPI.csproj", "{61E81DDD-2160-4FA2-AB13-0E056A9438CD}"
EndProject
Global
	GlobalSection(SolutionConfigurationPlatforms) = preSolution
		Debug|Any CPU = Debug|Any CPU
		Release|Any CPU = Release|Any CPU
	EndGlobalSection
	GlobalSection(ProjectConfigurationPlatforms) = postSolution
		{61E81DDD-2160-4FA2-AB13-0E056A9438CD}.Debug|Any CPU.ActiveCfg = Debug|Any CPU
		{61E81DDD-2160-4FA2-AB13-0E056A9438CD}.Debug|Any CPU.Build.0 = Debug|Any CPU
		{61E81DDD-2160-4FA2-AB13-0E056A9438CD}.Release|Any CPU.ActiveCfg = Release|Any CPU
		{61E81DDD-2160-4FA2-AB13-0E056A9438CD}.Release|Any CPU.Build.0 = Release|Any CPU
	EndGlobalSection
	GlobalSection(SolutionProperties) = preSolution
		HideSolutionNode = FALSE
	EndGlobalSection
	GlobalSection(ExtensibilityGlobals) = postSolution
		SolutionGuid = {0E6E370E-2328-4B0E-BFF7-67258D57619B}
	EndGlobalSection
EndGlobal
